
Microsoft Visual Studio Solution File, Format Version 12.00
# Visual Studio 2012
Project("{FAE04EC0-301F-11D3-BF4B-00C04F79EFBC}") = "task1", "task1\task1.csproj", "{EC768539-72D9-4DD0-91EE-96DEB7D1C22E}"
EndProject
Global
	GlobalSection(SolutionConfigurationPlatforms) = preSolution
		Debug|Any CPU = Debug|Any CPU
		Release|Any CPU = Release|Any CPU
	EndGlobalSection
	GlobalSection(ProjectConfigurationPlatforms) = postSolution
		{EC768539-72D9-4DD0-91EE-96DEB7D1C22E}.Debug|Any CPU.ActiveCfg = Debug|Any CPU
		{EC768539-72D9-4DD0-91EE-96DEB7D1C22E}.Debug|Any CPU.Build.0 = Debug|Any CPU
		{EC768539-72D9-4DD0-91EE-96DEB7D1C22E}.Release|Any CPU.ActiveCfg = Release|Any CPU
		{EC768539-72D9-4DD0-91EE-96DEB7D1C22E}.Release|Any CPU.Build.0 = Release|Any CPU
	EndGlobalSection
	GlobalSection(SolutionProperties) = preSolution
		HideSolutionNode = FALSE
	EndGlobalSection
EndGlobal
